<?xml version="1.0" encoding="utf-8"?>
<Project ToolsVersion="4.0" xmlns="http://schemas.microsoft.com/developer/msbuild/2003">
  <ItemGroup>
    <None Include="packages.config" />
  </ItemGroup>
  <ItemGroup>
    <Filter Include="Source Files">
      <UniqueIdentifier>{7304b766-5ed6-49f3-9d3b-8fa847a14aa7}</UniqueIdentifier>
    </Filter>
  </ItemGroup>
  <ItemGroup>
    <ClCompile Include="CoreTests\JobSystemTests.cpp">
      <Filter>Source Files</Filter>
    </ClCompile>
    <ClCompile Include="CoreTests\LinearAllocatorTests.cpp">
      <Filter>Source Files</Filter>
    </ClCompile>
    <ClCompile Include="CoreTests\pch.cpp" />
  </ItemGroup>
  <ItemGroup>
    <ClInclude Include="CoreTests\pch.h" />
  </ItemGroup>
</Project>