<Solution>
  <Configurations>
    <Platform Name="x64" />
    <Platform Name="x86" />
  </Configurations>
  <Project Path="../Tests/SystemsPlaygroundTests/SystemsPlaygroundTests.vcxproj" Id="e34b0569-85d6-44db-a028-5a968f192504" />
  <Project Path="SystemsPlayground.vcxproj" Id="549625d2-b32c-49cf-98f2-8a30ec69fc3a" />
</Solution>
